<Solution>
  <Project Path="tjgenerators.Editor.csproj" />
  <Project Path="Tests.PlayMode.csproj" />
  <Project Path="SurvivorLike0.Runtime.csproj" />
  <Project Path="cn.tuanjie.ai.profiler.csproj" />
  <Project Path="Assembly-CSharp-Editor.csproj" />
  <Project Path="UnityTcp.CustomTool.csproj" />
  <Project Path="Assembly-CSharp.csproj" />
  <Project Path="SurvivorLike0.Editor.csproj" />
  <Project Path="Tests.EditMode.csproj" />
</Solution>
